
Microsoft Visual Studio Solution File, Format Version 12.00
# Visual Studio Version 16
VisualStudioVersion = 16.0.30717.126
MinimumVisualStudioVersion = 10.0.40219.1
Project("{FAE04EC0-301F-11D3-BF4B-00C04F79EFBC}") = "WebApplication2", "WebApplication2\WebApplication2.csproj", "{34FA74A1-3B4C-4737-A7B7-B64445668337}"
EndProject
Project("{FAE04EC0-301F-11D3-BF4B-00C04F79EFBC}") = "GiamSat", "GiamSat\GiamSat.csproj", "{C2F9A6B5-6825-488C-A40D-C0C5FF0EE007}"
EndProject
Global
	GlobalSection(SolutionConfigurationPlatforms) = preSolution
		Debug|Any CPU = Debug|Any CPU
		Release|Any CPU = Release|Any CPU
	EndGlobalSection
	GlobalSection(ProjectConfigurationPlatforms) = postSolution
		{34FA74A1-3B4C-4737-A7B7-B64445668337}.Debug|Any CPU.ActiveCfg = Debug|Any CPU
		{34FA74A1-3B4C-4737-A7B7-B64445668337}.Debug|Any CPU.Build.0 = Debug|Any CPU
		{34FA74A1-3B4C-4737-A7B7-B64445668337}.Release|Any CPU.ActiveCfg = Release|Any CPU
		{34FA74A1-3B4C-4737-A7B7-B64445668337}.Release|Any CPU.Build.0 = Release|Any CPU
		{C2F9A6B5-6825-488C-A40D-C0C5FF0EE007}.Debug|Any CPU.ActiveCfg = Debug|Any CPU
		{C2F9A6B5-6825-488C-A40D-C0C5FF0EE007}.Debug|Any CPU.Build.0 = Debug|Any CPU
		{C2F9A6B5-6825-488C-A40D-C0C5FF0EE007}.Release|Any CPU.ActiveCfg = Release|Any CPU
		{C2F9A6B5-6825-488C-A40D-C0C5FF0EE007}.Release|Any CPU.Build.0 = Release|Any CPU
	EndGlobalSection
	GlobalSection(SolutionProperties) = preSolution
		HideSolutionNode = FALSE
	EndGlobalSection
	GlobalSection(ExtensibilityGlobals) = postSolution
		SolutionGuid = {A0AE6BA6-5FD0-4A86-9E73-55ABA70BECE1}
	EndGlobalSection
EndGlobal
